
Microsoft Visual Studio Solution File, Format Version 12.00
Project("{FAE04EC0-301F-11D3-BF4B-00C04F79EFBC}") = "Flowsy.Content", "Flowsy.Content\Flowsy.Content.csproj", "{D30C8C22-313F-434B-A27E-3FB837A357D7}"
EndProject
Project("{2150E333-8FDC-42A3-9474-1A3956D46DE8}") = "Global", "Global", "{1B9A9044-80A6-42F3-BD9D-7C02C9BDA7D0}"
	ProjectSection(SolutionItems) = preProject
		.gitignore = .gitignore
		publish.sh = publish.sh
		README.md = README.md
	EndProjectSection
EndProject
Global
	GlobalSection(SolutionConfigurationPlatforms) = preSolution
		Debug|Any CPU = Debug|Any CPU
		Release|Any CPU = Release|Any CPU
	EndGlobalSection
	GlobalSection(ProjectConfigurationPlatforms) = postSolution
		{D30C8C22-313F-434B-A27E-3FB837A357D7}.Debug|Any CPU.ActiveCfg = Debug|Any CPU
		{D30C8C22-313F-434B-A27E-3FB837A357D7}.Debug|Any CPU.Build.0 = Debug|Any CPU
		{D30C8C22-313F-434B-A27E-3FB837A357D7}.Release|Any CPU.ActiveCfg = Release|Any CPU
		{D30C8C22-313F-434B-A27E-3FB837A357D7}.Release|Any CPU.Build.0 = Release|Any CPU
	EndGlobalSection
EndGlobal
